---
SkyBlock: ~
Islands: 0
Custom: true
CustomX: 2
CustomY: 3
CustomZ: 4
Pos1: true
Pos2: true
x1: 425
x2: 416
y1: 209
y2: 209
z1: 303
z2: 288
blocks: []
Blocks:
- 0 0
- 0 0
- 0 0
- 0 0
- 0 0
- 0 0
- 0 0
- 0 0
- 0 0
- 0 0
- 0 0
- 0 0
- 0 0
- 0 0
- 0 0
- 0 0
- 0 0
- 0 0
- 0 0
- 0 0
- 0 0
- 0 0
- 0 0
- 0 0
- 0 0
- 0 0
- 0 0
- 0 0
- 0 0
- 0 0
- 0 0
- 0 0
- 0 0
- 0 0
- 0 0
- 0 0
- 0 0
- 0 0
- 0 0
- 0 0
- 0 0
- 0 0
- 0 0
- 0 0
- 0 0
- 0 0
- 0 0
- 0 0
- 0 0
- 0 0
- 0 0
- 0 0
- 0 0
- 0 0
- 0 0
- 0 0
- 0 0
- 0 0
- 0 0
- 0 0
- 0 0
- 0 0
- 0 0
- 0 0
- 0 0
- 0 0
- 0 0
- 0 0
- 0 0
- 0 0
- 17 0
- 0 0
- 0 0
- 0 0
- 0 0
- 0 0
- 0 0
- 0 0
- 0 0
- 0 0
- 0 0
- 0 0
- 0 0
- 0 0
- 0 0
- 0 0
- 0 0
- 0 0
- 170 0
- 0 0
- 0 0
- 0 0
- 0 0
- 0 0
- 0 0
- 0 0
- 0 0
- 0 0
- 0 0
- 0 0
- 0 0
- 0 0
- 0 0
- 0 0
- 0 0
- 0 0
- 0 0
- 0 0
- 0 0
- 0 0
- 0 0
- 0 0
- 0 0
- 0 0
- 0 0
- 0 0
- 0 0
- 0 0
- 0 0
- 0 0
- 0 0
- 0 0
- 0 0
- 0 0
- 0 0
- 0 0
- 0 0
- 0 0
- 0 0
- 0 0
- 0 0
- 0 0
- 0 0
- 0 0
- 0 0
- 0 0
- 0 0
- 0 0
- 0 0
- 0 0
- 0 0
- 0 0
- 0 0
- 0 0
- 0 0
- 0 0
- 0 0
- 0 0
- 0 0
- 0 0
- 0 0
- 0 0
- 0 0
- 0 0
- 0 0
- 0 0
- 0 0
- 0 0
- 0 0
- 0 0
...
